// !$*UTF8*$!
{
	archiveVersion = 1;
	classes = {
	};
	objectVersion = 46;
	objects = {

/* Begin PBXBuildFile section */
		28BC6597198806B900035A3E /* JKLABProductCell.m in Sources */ = {isa = PBXBuildFile; fileRef = 28BC6596198806B900035A3E /* JKLABProductCell.m */; };
		62863D6F9AD6453C9B20AC90 /* libPods-HelloPOS.a in Frameworks */ = {isa = PBXBuildFile; fileRef = 0D738E9EB29F4CB2B9106109 /* libPods-HelloPOS.a */; };
		842386F41987762500074A56 /* Foundation.framework in Frameworks */ = {isa = PBXBuildFile; fileRef = 842386F31987762500074A56 /* Foundation.framework */; };
		842386F61987762500074A56 /* CoreGraphics.framework in Frameworks */ = {isa = PBXBuildFile; fileRef = 842386F51987762500074A56 /* CoreGraphics.framework */; };
		842386F81987762500074A56 /* UIKit.framework in Frameworks */ = {isa = PBXBuildFile; fileRef = 842386F71987762500074A56 /* UIKit.framework */; };
		842386FE1987762500074A56 /* InfoPlist.strings in Resources */ = {isa = PBXBuildFile; fileRef = 842386FC1987762500074A56 /* InfoPlist.strings */; };
		842387001987762500074A56 /* main.m in Sources */ = {isa = PBXBuildFile; fileRef = 842386FF1987762500074A56 /* main.m */; };
		842387041987762500074A56 /* JKLABAppDelegate.m in Sources */ = {isa = PBXBuildFile; fileRef = 842387031987762500074A56 /* JKLABAppDelegate.m */; };
		842387071987762500074A56 /* Main.storyboard in Resources */ = {isa = PBXBuildFile; fileRef = 842387051987762500074A56 /* Main.storyboard */; };
		8423870A1987762500074A56 /* JKLABRegisterMainViewController.m in Sources */ = {isa = PBXBuildFile; fileRef = 842387091987762500074A56 /* JKLABRegisterMainViewController.m */; };
		8423870C1987762500074A56 /* Images.xcassets in Resources */ = {isa = PBXBuildFile; fileRef = 8423870B1987762500074A56 /* Images.xcassets */; };
		842387131987762500074A56 /* XCTest.framework in Frameworks */ = {isa = PBXBuildFile; fileRef = 842387121987762500074A56 /* XCTest.framework */; };
		842387141987762500074A56 /* Foundation.framework in Frameworks */ = {isa = PBXBuildFile; fileRef = 842386F31987762500074A56 /* Foundation.framework */; };
		842387151987762500074A56 /* UIKit.framework in Frameworks */ = {isa = PBXBuildFile; fileRef = 842386F71987762500074A56 /* UIKit.framework */; };
		8423871D1987762500074A56 /* InfoPlist.strings in Resources */ = {isa = PBXBuildFile; fileRef = 8423871B1987762500074A56 /* InfoPlist.strings */; };
		8423871F1987762500074A56 /* HelloPOSTests.m in Sources */ = {isa = PBXBuildFile; fileRef = 8423871E1987762500074A56 /* HelloPOSTests.m */; };
		84B30F8A19879040004F6485 /* JKLABRoundRectButton.m in Sources */ = {isa = PBXBuildFile; fileRef = 84B30F8919879040004F6485 /* JKLABRoundRectButton.m */; };
		84B30F8D198790D9004F6485 /* QuartzCore.framework in Frameworks */ = {isa = PBXBuildFile; fileRef = 84B30F8C198790D9004F6485 /* QuartzCore.framework */; };
		84B30F991987BDEC004F6485 /* JKLABPaginationSegmentedControl.m in Sources */ = {isa = PBXBuildFile; fileRef = 84B30F981987BDEC004F6485 /* JKLABPaginationSegmentedControl.m */; };
		84B30F9C1987C3C5004F6485 /* JKLABRoundRectShadowButton.m in Sources */ = {isa = PBXBuildFile; fileRef = 84B30F9B1987C3C5004F6485 /* JKLABRoundRectShadowButton.m */; };
		84B30FA21987D2F6004F6485 /* JKLABProductViewController.m in Sources */ = {isa = PBXBuildFile; fileRef = 84B30FA11987D2F6004F6485 /* JKLABProductViewController.m */; };
		84B30FAC19889442004F6485 /* Muli-Light.ttf in Resources */ = {isa = PBXBuildFile; fileRef = 84B30FA819888FE6004F6485 /* Muli-Light.ttf */; };
		84B30FAD19889445004F6485 /* Muli-Bold.ttf in Resources */ = {isa = PBXBuildFile; fileRef = 84B30FA919888FE6004F6485 /* Muli-Bold.ttf */; };
		84B30FAE19889449004F6485 /* Muli-Regular.ttf in Resources */ = {isa = PBXBuildFile; fileRef = 84B30FAA19888FE6004F6485 /* Muli-Regular.ttf */; };
		84B30FAF1988944C004F6485 /* Muli.ttf in Resources */ = {isa = PBXBuildFile; fileRef = 84B30FAB19888FE6004F6485 /* Muli.ttf */; };
		84B30FB219889A0D004F6485 /* JKLABMuliBoldLabel.m in Sources */ = {isa = PBXBuildFile; fileRef = 84B30FB119889A0D004F6485 /* JKLABMuliBoldLabel.m */; };
		84B30FB81988D804004F6485 /* JKLABProductImageView.m in Sources */ = {isa = PBXBuildFile; fileRef = 84B30FB71988D804004F6485 /* JKLABProductImageView.m */; };
/* End PBXBuildFile section */

/* Begin PBXContainerItemProxy section */
		842387161987762500074A56 /* PBXContainerItemProxy */ = {
			isa = PBXContainerItemProxy;
			containerPortal = 842386E81987762500074A56 /* Project object */;
			proxyType = 1;
			remoteGlobalIDString = 842386EF1987762500074A56;
			remoteInfo = HelloPOS;
		};
/* End PBXContainerItemProxy section */

/* Begin PBXFileReference section */
		0D738E9EB29F4CB2B9106109 /* libPods-HelloPOS.a */ = {isa = PBXFileReference; explicitFileType = archive.ar; includeInIndex = 0; path = "libPods-HelloPOS.a"; sourceTree = BUILT_PRODUCTS_DIR; };
		28BC6595198806B900035A3E /* JKLABProductCell.h */ = {isa = PBXFileReference; fileEncoding = 4; lastKnownFileType = sourcecode.c.h; path = JKLABProductCell.h; sourceTree = "<group>"; };
		28BC6596198806B900035A3E /* JKLABProductCell.m */ = {isa = PBXFileReference; fileEncoding = 4; lastKnownFileType = sourcecode.c.objc; path = JKLABProductCell.m; sourceTree = "<group>"; };
		6ED98DDAE39B486780818884 /* Pods-HelloPOS.xcconfig */ = {isa = PBXFileReference; includeInIndex = 1; lastKnownFileType = text.xcconfig; name = "Pods-HelloPOS.xcconfig"; path = "Pods/Pods-HelloPOS.xcconfig"; sourceTree = "<group>"; };
		842386F01987762500074A56 /* HelloPOS.app */ = {isa = PBXFileReference; explicitFileType = wrapper.application; includeInIndex = 0; path = HelloPOS.app; sourceTree = BUILT_PRODUCTS_DIR; };
		842386F31987762500074A56 /* Foundation.framework */ = {isa = PBXFileReference; lastKnownFileType = wrapper.framework; name = Foundation.framework; path = System/Library/Frameworks/Foundation.framework; sourceTree = SDKROOT; };
		842386F51987762500074A56 /* CoreGraphics.framework */ = {isa = PBXFileReference; lastKnownFileType = wrapper.framework; name = CoreGraphics.framework; path = System/Library/Frameworks/CoreGraphics.framework; sourceTree = SDKROOT; };
		842386F71987762500074A56 /* UIKit.framework */ = {isa = PBXFileReference; lastKnownFileType = wrapper.framework; name = UIKit.framework; path = System/Library/Frameworks/UIKit.framework; sourceTree = SDKROOT; };
		842386FB1987762500074A56 /* HelloPOS-Info.plist */ = {isa = PBXFileReference; lastKnownFileType = text.plist.xml; path = "HelloPOS-Info.plist"; sourceTree = "<group>"; };
		842386FD1987762500074A56 /* en */ = {isa = PBXFileReference; lastKnownFileType = text.plist.strings; name = en; path = en.lproj/InfoPlist.strings; sourceTree = "<group>"; };
		842386FF1987762500074A56 /* main.m */ = {isa = PBXFileReference; lastKnownFileType = sourcecode.c.objc; path = main.m; sourceTree = "<group>"; };
		842387011987762500074A56 /* HelloPOS-Prefix.pch */ = {isa = PBXFileReference; lastKnownFileType = sourcecode.c.h; path = "HelloPOS-Prefix.pch"; sourceTree = "<group>"; };
		842387021987762500074A56 /* JKLABAppDelegate.h */ = {isa = PBXFileReference; lastKnownFileType = sourcecode.c.h; path = JKLABAppDelegate.h; sourceTree = "<group>"; };
		842387031987762500074A56 /* JKLABAppDelegate.m */ = {isa = PBXFileReference; lastKnownFileType = sourcecode.c.objc; path = JKLABAppDelegate.m; sourceTree = "<group>"; };
		842387061987762500074A56 /* Base */ = {isa = PBXFileReference; lastKnownFileType = file.storyboard; name = Base; path = Base.lproj/Main.storyboard; sourceTree = "<group>"; };
		842387081987762500074A56 /* JKLABRegisterMainViewController.h */ = {isa = PBXFileReference; lastKnownFileType = sourcecode.c.h; path = JKLABRegisterMainViewController.h; sourceTree = "<group>"; };
		842387091987762500074A56 /* JKLABRegisterMainViewController.m */ = {isa = PBXFileReference; lastKnownFileType = sourcecode.c.objc; path = JKLABRegisterMainViewController.m; sourceTree = "<group>"; };
		8423870B1987762500074A56 /* Images.xcassets */ = {isa = PBXFileReference; lastKnownFileType = folder.assetcatalog; path = Images.xcassets; sourceTree = "<group>"; };
		842387111987762500074A56 /* HelloPOSTests.xctest */ = {isa = PBXFileReference; explicitFileType = wrapper.cfbundle; includeInIndex = 0; path = HelloPOSTests.xctest; sourceTree = BUILT_PRODUCTS_DIR; };
		842387121987762500074A56 /* XCTest.framework */ = {isa = PBXFileReference; lastKnownFileType = wrapper.framework; name = XCTest.framework; path = Library/Frameworks/XCTest.framework; sourceTree = DEVELOPER_DIR; };
		8423871A1987762500074A56 /* HelloPOSTests-Info.plist */ = {isa = PBXFileReference; lastKnownFileType = text.plist.xml; path = "HelloPOSTests-Info.plist"; sourceTree = "<group>"; };
		8423871C1987762500074A56 /* en */ = {isa = PBXFileReference; lastKnownFileType = text.plist.strings; name = en; path = en.lproj/InfoPlist.strings; sourceTree = "<group>"; };
		8423871E1987762500074A56 /* HelloPOSTests.m */ = {isa = PBXFileReference; lastKnownFileType = sourcecode.c.objc; path = HelloPOSTests.m; sourceTree = "<group>"; };
		84B30F8819879040004F6485 /* JKLABRoundRectButton.h */ = {isa = PBXFileReference; fileEncoding = 4; lastKnownFileType = sourcecode.c.h; name = JKLABRoundRectButton.h; path = "Customized UI components/JKLABRoundRectButton.h"; sourceTree = "<group>"; };
		84B30F8919879040004F6485 /* JKLABRoundRectButton.m */ = {isa = PBXFileReference; fileEncoding = 4; lastKnownFileType = sourcecode.c.objc; name = JKLABRoundRectButton.m; path = "Customized UI components/JKLABRoundRectButton.m"; sourceTree = "<group>"; };
		84B30F8C198790D9004F6485 /* QuartzCore.framework */ = {isa = PBXFileReference; lastKnownFileType = wrapper.framework; name = QuartzCore.framework; path = System/Library/Frameworks/QuartzCore.framework; sourceTree = SDKROOT; };
		84B30F971987BDEC004F6485 /* JKLABPaginationSegmentedControl.h */ = {isa = PBXFileReference; fileEncoding = 4; lastKnownFileType = sourcecode.c.h; path = JKLABPaginationSegmentedControl.h; sourceTree = "<group>"; };
		84B30F981987BDEC004F6485 /* JKLABPaginationSegmentedControl.m */ = {isa = PBXFileReference; fileEncoding = 4; lastKnownFileType = sourcecode.c.objc; path = JKLABPaginationSegmentedControl.m; sourceTree = "<group>"; };
		84B30F9A1987C3C5004F6485 /* JKLABRoundRectShadowButton.h */ = {isa = PBXFileReference; fileEncoding = 4; lastKnownFileType = sourcecode.c.h; path = JKLABRoundRectShadowButton.h; sourceTree = "<group>"; };
		84B30F9B1987C3C5004F6485 /* JKLABRoundRectShadowButton.m */ = {isa = PBXFileReference; fileEncoding = 4; lastKnownFileType = sourcecode.c.objc; path = JKLABRoundRectShadowButton.m; sourceTree = "<group>"; };
		84B30FA01987D2F6004F6485 /* JKLABProductViewController.h */ = {isa = PBXFileReference; fileEncoding = 4; lastKnownFileType = sourcecode.c.h; path = JKLABProductViewController.h; sourceTree = "<group>"; };
		84B30FA11987D2F6004F6485 /* JKLABProductViewController.m */ = {isa = PBXFileReference; fileEncoding = 4; lastKnownFileType = sourcecode.c.objc; path = JKLABProductViewController.m; sourceTree = "<group>"; };
		84B30FA819888FE6004F6485 /* Muli-Light.ttf */ = {isa = PBXFileReference; lastKnownFileType = file; path = "Muli-Light.ttf"; sourceTree = "<group>"; };
		84B30FA919888FE6004F6485 /* Muli-Bold.ttf */ = {isa = PBXFileReference; lastKnownFileType = file; path = "Muli-Bold.ttf"; sourceTree = "<group>"; };
		84B30FAA19888FE6004F6485 /* Muli-Regular.ttf */ = {isa = PBXFileReference; lastKnownFileType = file; path = "Muli-Regular.ttf"; sourceTree = "<group>"; };
		84B30FAB19888FE6004F6485 /* Muli.ttf */ = {isa = PBXFileReference; lastKnownFileType = file; path = Muli.ttf; sourceTree = "<group>"; };
		84B30FB019889A0D004F6485 /* JKLABMuliBoldLabel.h */ = {isa = PBXFileReference; fileEncoding = 4; lastKnownFileType = sourcecode.c.h; name = JKLABMuliBoldLabel.h; path = "Customized UI components/JKLABMuliBoldLabel.h"; sourceTree = "<group>"; };
		84B30FB119889A0D004F6485 /* JKLABMuliBoldLabel.m */ = {isa = PBXFileReference; fileEncoding = 4; lastKnownFileType = sourcecode.c.objc; name = JKLABMuliBoldLabel.m; path = "Customized UI components/JKLABMuliBoldLabel.m"; sourceTree = "<group>"; };
		84B30FB61988D804004F6485 /* JKLABProductImageView.h */ = {isa = PBXFileReference; fileEncoding = 4; lastKnownFileType = sourcecode.c.h; path = JKLABProductImageView.h; sourceTree = "<group>"; };
		84B30FB71988D804004F6485 /* JKLABProductImageView.m */ = {isa = PBXFileReference; fileEncoding = 4; lastKnownFileType = sourcecode.c.objc; path = JKLABProductImageView.m; sourceTree = "<group>"; };
/* End PBXFileReference section */

/* Begin PBXFrameworksBuildPhase section */
		842386ED1987762500074A56 /* Frameworks */ = {
			isa = PBXFrameworksBuildPhase;
			buildActionMask = 2147483647;
			files = (
				84B30F8D198790D9004F6485 /* QuartzCore.framework in Frameworks */,
				842386F61987762500074A56 /* CoreGraphics.framework in Frameworks */,
				842386F81987762500074A56 /* UIKit.framework in Frameworks */,
				842386F41987762500074A56 /* Foundation.framework in Frameworks */,
				62863D6F9AD6453C9B20AC90 /* libPods-HelloPOS.a in Frameworks */,
			);
			runOnlyForDeploymentPostprocessing = 0;
		};
		8423870E1987762500074A56 /* Frameworks */ = {
			isa = PBXFrameworksBuildPhase;
			buildActionMask = 2147483647;
			files = (
				842387131987762500074A56 /* XCTest.framework in Frameworks */,
				842387151987762500074A56 /* UIKit.framework in Frameworks */,
				842387141987762500074A56 /* Foundation.framework in Frameworks */,
			);
			runOnlyForDeploymentPostprocessing = 0;
		};
/* End PBXFrameworksBuildPhase section */

/* Begin PBXGroup section */
		28BC659919880A7600035A3E /* images */ = {
			isa = PBXGroup;
			children = (
			);
			name = images;
			sourceTree = "<group>";
		};
		842386E71987762500074A56 = {
			isa = PBXGroup;
			children = (
				842386F91987762500074A56 /* HelloPOS */,
				842387181987762500074A56 /* HelloPOSTests */,
				842386F21987762500074A56 /* Frameworks */,
				842386F11987762500074A56 /* Products */,
				6ED98DDAE39B486780818884 /* Pods-HelloPOS.xcconfig */,
			);
			sourceTree = "<group>";
		};
		842386F11987762500074A56 /* Products */ = {
			isa = PBXGroup;
			children = (
				842386F01987762500074A56 /* HelloPOS.app */,
				842387111987762500074A56 /* HelloPOSTests.xctest */,
			);
			name = Products;
			sourceTree = "<group>";
		};
		842386F21987762500074A56 /* Frameworks */ = {
			isa = PBXGroup;
			children = (
				84B30F8C198790D9004F6485 /* QuartzCore.framework */,
				842386F31987762500074A56 /* Foundation.framework */,
				842386F51987762500074A56 /* CoreGraphics.framework */,
				842386F71987762500074A56 /* UIKit.framework */,
				842387121987762500074A56 /* XCTest.framework */,
				0D738E9EB29F4CB2B9106109 /* libPods-HelloPOS.a */,
			);
			name = Frameworks;
			sourceTree = "<group>";
		};
		842386F91987762500074A56 /* HelloPOS */ = {
			isa = PBXGroup;
			children = (
				842387021987762500074A56 /* JKLABAppDelegate.h */,
				842387031987762500074A56 /* JKLABAppDelegate.m */,
				842387051987762500074A56 /* Main.storyboard */,
				28BC6595198806B900035A3E /* JKLABProductCell.h */,
				28BC6596198806B900035A3E /* JKLABProductCell.m */,
				84B30FA01987D2F6004F6485 /* JKLABProductViewController.h */,
				84B30FA11987D2F6004F6485 /* JKLABProductViewController.m */,
				842387081987762500074A56 /* JKLABRegisterMainViewController.h */,
				842387091987762500074A56 /* JKLABRegisterMainViewController.m */,
				8423870B1987762500074A56 /* Images.xcassets */,
				84B30F8B19879049004F6485 /* Customized UI components */,
				842386FA1987762500074A56 /* Supporting Files */,
			);
			path = HelloPOS;
			sourceTree = "<group>";
		};
		842386FA1987762500074A56 /* Supporting Files */ = {
			isa = PBXGroup;
			children = (
				84B30FA319888FAE004F6485 /* fonts */,
				28BC659919880A7600035A3E /* images */,
				842386FB1987762500074A56 /* HelloPOS-Info.plist */,
				842386FC1987762500074A56 /* InfoPlist.strings */,
				842386FF1987762500074A56 /* main.m */,
				842387011987762500074A56 /* HelloPOS-Prefix.pch */,
			);
			name = "Supporting Files";
			sourceTree = "<group>";
		};
		842387181987762500074A56 /* HelloPOSTests */ = {
			isa = PBXGroup;
			children = (
				8423871E1987762500074A56 /* HelloPOSTests.m */,
				842387191987762500074A56 /* Supporting Files */,
			);
			path = HelloPOSTests;
			sourceTree = "<group>";
		};
		842387191987762500074A56 /* Supporting Files */ = {
			isa = PBXGroup;
			children = (
				8423871A1987762500074A56 /* HelloPOSTests-Info.plist */,
				8423871B1987762500074A56 /* InfoPlist.strings */,
			);
			name = "Supporting Files";
			sourceTree = "<group>";
		};
		84B30F8B19879049004F6485 /* Customized UI components */ = {
			isa = PBXGroup;
			children = (
				84B30FB61988D804004F6485 /* JKLABProductImageView.h */,
				84B30FB71988D804004F6485 /* JKLABProductImageView.m */,
				84B30FB019889A0D004F6485 /* JKLABMuliBoldLabel.h */,
				84B30FB119889A0D004F6485 /* JKLABMuliBoldLabel.m */,
				84B30F9A1987C3C5004F6485 /* JKLABRoundRectShadowButton.h */,
				84B30F9B1987C3C5004F6485 /* JKLABRoundRectShadowButton.m */,
				84B30F971987BDEC004F6485 /* JKLABPaginationSegmentedControl.h */,
				84B30F981987BDEC004F6485 /* JKLABPaginationSegmentedControl.m */,
				84B30F8819879040004F6485 /* JKLABRoundRectButton.h */,
				84B30F8919879040004F6485 /* JKLABRoundRectButton.m */,
			);
			name = "Customized UI components";
			sourceTree = "<group>";
		};
		84B30FA319888FAE004F6485 /* fonts */ = {
			isa = PBXGroup;
			children = (
				84B30FAB19888FE6004F6485 /* Muli.ttf */,
				84B30FAA19888FE6004F6485 /* Muli-Regular.ttf */,
				84B30FA819888FE6004F6485 /* Muli-Light.ttf */,
				84B30FA919888FE6004F6485 /* Muli-Bold.ttf */,
			);
			name = fonts;
			sourceTree = "<group>";
		};
/* End PBXGroup section */

/* Begin PBXNativeTarget section */
		842386EF1987762500074A56 /* HelloPOS */ = {
			isa = PBXNativeTarget;
			buildConfigurationList = 842387221987762500074A56 /* Build configuration list for PBXNativeTarget "HelloPOS" */;
			buildPhases = (
				0778600E432B4E2D9BE79D52 /* Check Pods Manifest.lock */,
				842386EC1987762500074A56 /* Sources */,
				842386ED1987762500074A56 /* Frameworks */,
				842386EE1987762500074A56 /* Resources */,
				23C4AA1E507448EC9B68A277 /* Copy Pods Resources */,
			);
			buildRules = (
			);
			dependencies = (
			);
			name = HelloPOS;
			productName = HelloPOS;
			productReference = 842386F01987762500074A56 /* HelloPOS.app */;
			productType = "com.apple.product-type.application";
		};
		842387101987762500074A56 /* HelloPOSTests */ = {
			isa = PBXNativeTarget;
			buildConfigurationList = 842387251987762500074A56 /* Build configuration list for PBXNativeTarget "HelloPOSTests" */;
			buildPhases = (
				8423870D1987762500074A56 /* Sources */,
				8423870E1987762500074A56 /* Frameworks */,
				8423870F1987762500074A56 /* Resources */,
			);
			buildRules = (
			);
			dependencies = (
				842387171987762500074A56 /* PBXTargetDependency */,
			);
			name = HelloPOSTests;
			productName = HelloPOSTests;
			productReference = 842387111987762500074A56 /* HelloPOSTests.xctest */;
			productType = "com.apple.product-type.bundle.unit-test";
		};
/* End PBXNativeTarget section */

/* Begin PBXProject section */
		842386E81987762500074A56 /* Project object */ = {
			isa = PBXProject;
			attributes = {
				CLASSPREFIX = JKLAB;
				LastUpgradeCheck = 0510;
				ORGANIZATIONNAME = jklab;
				TargetAttributes = {
					842387101987762500074A56 = {
						TestTargetID = 842386EF1987762500074A56;
					};
				};
			};
			buildConfigurationList = 842386EB1987762500074A56 /* Build configuration list for PBXProject "HelloPOS" */;
			compatibilityVersion = "Xcode 3.2";
			developmentRegion = English;
			hasScannedForEncodings = 0;
			knownRegions = (
				en,
				Base,
			);
			mainGroup = 842386E71987762500074A56;
			productRefGroup = 842386F11987762500074A56 /* Products */;
			projectDirPath = "";
			projectRoot = "";
			targets = (
				842386EF1987762500074A56 /* HelloPOS */,
				842387101987762500074A56 /* HelloPOSTests */,
			);
		};
/* End PBXProject section */

/* Begin PBXResourcesBuildPhase section */
		842386EE1987762500074A56 /* Resources */ = {
			isa = PBXResourcesBuildPhase;
			buildActionMask = 2147483647;
			files = (
				8423870C1987762500074A56 /* Images.xcassets in Resources */,
				84B30FAF1988944C004F6485 /* Muli.ttf in Resources */,
				84B30FAE19889449004F6485 /* Muli-Regular.ttf in Resources */,
				84B30FAD19889445004F6485 /* Muli-Bold.ttf in Resources */,
				84B30FAC19889442004F6485 /* Muli-Light.ttf in Resources */,
				842386FE1987762500074A56 /* InfoPlist.strings in Resources */,
				842387071987762500074A56 /* Main.storyboard in Resources */,
			);
			runOnlyForDeploymentPostprocessing = 0;
		};
		8423870F1987762500074A56 /* Resources */ = {
			isa = PBXResourcesBuildPhase;
			buildActionMask = 2147483647;
			files = (
				8423871D1987762500074A56 /* InfoPlist.strings in Resources */,
			);
			runOnlyForDeploymentPostprocessing = 0;
		};
/* End PBXResourcesBuildPhase section */

/* Begin PBXShellScriptBuildPhase section */
		0778600E432B4E2D9BE79D52 /* Check Pods Manifest.lock */ = {
			isa = PBXShellScriptBuildPhase;
			buildActionMask = 2147483647;
			files = (
			);
			inputPaths = (
			);
			name = "Check Pods Manifest.lock";
			outputPaths = (
			);
			runOnlyForDeploymentPostprocessing = 0;
			shellPath = /bin/sh;
			shellScript = "diff \"${PODS_ROOT}/../Podfile.lock\" \"${PODS_ROOT}/Manifest.lock\" > /dev/null\nif [[ $? != 0 ]] ; then\n    cat << EOM\nerror: The sandbox is not in sync with the Podfile.lock. Run 'pod install' or update your CocoaPods installation.\nEOM\n    exit 1\nfi\n";
			showEnvVarsInLog = 0;
		};
		23C4AA1E507448EC9B68A277 /* Copy Pods Resources */ = {
			isa = PBXShellScriptBuildPhase;
			buildActionMask = 2147483647;
			files = (
			);
			inputPaths = (
			);
			name = "Copy Pods Resources";
			outputPaths = (
			);
			runOnlyForDeploymentPostprocessing = 0;
			shellPath = /bin/sh;
			shellScript = "\"${SRCROOT}/Pods/Pods-HelloPOS-resources.sh\"\n";
			showEnvVarsInLog = 0;
		};
/* End PBXShellScriptBuildPhase section */

/* Begin PBXSourcesBuildPhase section */
		842386EC1987762500074A56 /* Sources */ = {
			isa = PBXSourcesBuildPhase;
			buildActionMask = 2147483647;
			files = (
				84B30F991987BDEC004F6485 /* JKLABPaginationSegmentedControl.m in Sources */,
				84B30F9C1987C3C5004F6485 /* JKLABRoundRectShadowButton.m in Sources */,
				84B30FB219889A0D004F6485 /* JKLABMuliBoldLabel.m in Sources */,
				28BC6597198806B900035A3E /* JKLABProductCell.m in Sources */,
				842387001987762500074A56 /* main.m in Sources */,
				84B30FA21987D2F6004F6485 /* JKLABProductViewController.m in Sources */,
				842387041987762500074A56 /* JKLABAppDelegate.m in Sources */,
				84B30FB81988D804004F6485 /* JKLABProductImageView.m in Sources */,
				8423870A1987762500074A56 /* JKLABRegisterMainViewController.m in Sources */,
				84B30F8A19879040004F6485 /* JKLABRoundRectButton.m in Sources */,
			);
			runOnlyForDeploymentPostprocessing = 0;
		};
		8423870D1987762500074A56 /* Sources */ = {
			isa = PBXSourcesBuildPhase;
			buildActionMask = 2147483647;
			files = (
				8423871F1987762500074A56 /* HelloPOSTests.m in Sources */,
			);
			runOnlyForDeploymentPostprocessing = 0;
		};
/* End PBXSourcesBuildPhase section */

/* Begin PBXTargetDependency section */
		842387171987762500074A56 /* PBXTargetDependency */ = {
			isa = PBXTargetDependency;
			target = 842386EF1987762500074A56 /* HelloPOS */;
			targetProxy = 842387161987762500074A56 /* PBXContainerItemProxy */;
		};
/* End PBXTargetDependency section */

/* Begin PBXVariantGroup section */
		842386FC1987762500074A56 /* InfoPlist.strings */ = {
			isa = PBXVariantGroup;
			children = (
				842386FD1987762500074A56 /* en */,
			);
			name = InfoPlist.strings;
			sourceTree = "<group>";
		};
		842387051987762500074A56 /* Main.storyboard */ = {
			isa = PBXVariantGroup;
			children = (
				842387061987762500074A56 /* Base */,
			);
			name = Main.storyboard;
			sourceTree = "<group>";
		};
		8423871B1987762500074A56 /* InfoPlist.strings */ = {
			isa = PBXVariantGroup;
			children = (
				8423871C1987762500074A56 /* en */,
			);
			name = InfoPlist.strings;
			sourceTree = "<group>";
		};
/* End PBXVariantGroup section */

/* Begin XCBuildConfiguration section */
		842387201987762500074A56 /* Debug */ = {
			isa = XCBuildConfiguration;
			buildSettings = {
				ALWAYS_SEARCH_USER_PATHS = NO;
				CLANG_CXX_LANGUAGE_STANDARD = "gnu++0x";
				CLANG_CXX_LIBRARY = "libc++";
				CLANG_ENABLE_MODULES = YES;
				CLANG_ENABLE_OBJC_ARC = YES;
				CLANG_WARN_BOOL_CONVERSION = YES;
				CLANG_WARN_CONSTANT_CONVERSION = YES;
				CLANG_WARN_DIRECT_OBJC_ISA_USAGE = YES_ERROR;
				CLANG_WARN_EMPTY_BODY = YES;
				CLANG_WARN_ENUM_CONVERSION = YES;
				CLANG_WARN_INT_CONVERSION = YES;
				CLANG_WARN_OBJC_ROOT_CLASS = YES_ERROR;
				CLANG_WARN__DUPLICATE_METHOD_MATCH = YES;
				"CODE_SIGN_IDENTITY[sdk=iphoneos*]" = "iPhone Developer";
				COPY_PHASE_STRIP = NO;
				GCC_C_LANGUAGE_STANDARD = gnu99;
				GCC_DYNAMIC_NO_PIC = NO;
				GCC_OPTIMIZATION_LEVEL = 0;
				GCC_PREPROCESSOR_DEFINITIONS = (
					"DEBUG=1",
					"$(inherited)",
				);
				GCC_SYMBOLS_PRIVATE_EXTERN = NO;
				GCC_WARN_64_TO_32_BIT_CONVERSION = YES;
				GCC_WARN_ABOUT_RETURN_TYPE = YES_ERROR;
				GCC_WARN_UNDECLARED_SELECTOR = YES;
				GCC_WARN_UNINITIALIZED_AUTOS = YES_AGGRESSIVE;
				GCC_WARN_UNUSED_FUNCTION = YES;
				GCC_WARN_UNUSED_VARIABLE = YES;
				IPHONEOS_DEPLOYMENT_TARGET = 7.1;
				ONLY_ACTIVE_ARCH = YES;
				SDKROOT = iphoneos;
				TARGETED_DEVICE_FAMILY = 2;
			};
			name = Debug;
		};
		842387211987762500074A56 /* Release */ = {
			isa = XCBuildConfiguration;
			buildSettings = {
				ALWAYS_SEARCH_USER_PATHS = NO;
				CLANG_CXX_LANGUAGE_STANDARD = "gnu++0x";
				CLANG_CXX_LIBRARY = "libc++";
				CLANG_ENABLE_MODULES = YES;
				CLANG_ENABLE_OBJC_ARC = YES;
				CLANG_WARN_BOOL_CONVERSION = YES;
				CLANG_WARN_CONSTANT_CONVERSION = YES;
				CLANG_WARN_DIRECT_OBJC_ISA_USAGE = YES_ERROR;
				CLANG_WARN_EMPTY_BODY = YES;
				CLANG_WARN_ENUM_CONVERSION = YES;
				CLANG_WARN_INT_CONVERSION = YES;
				CLANG_WARN_OBJC_ROOT_CLASS = YES_ERROR;
				CLANG_WARN__DUPLICATE_METHOD_MATCH = YES;
				"CODE_SIGN_IDENTITY[sdk=iphoneos*]" = "iPhone Developer";
				COPY_PHASE_STRIP = YES;
				ENABLE_NS_ASSERTIONS = NO;
				GCC_C_LANGUAGE_STANDARD = gnu99;
				GCC_WARN_64_TO_32_BIT_CONVERSION = YES;
				GCC_WARN_ABOUT_RETURN_TYPE = YES_ERROR;
				GCC_WARN_UNDECLARED_SELECTOR = YES;
				GCC_WARN_UNINITIALIZED_AUTOS = YES_AGGRESSIVE;
				GCC_WARN_UNUSED_FUNCTION = YES;
				GCC_WARN_UNUSED_VARIABLE = YES;
				IPHONEOS_DEPLOYMENT_TARGET = 7.1;
				SDKROOT = iphoneos;
				TARGETED_DEVICE_FAMILY = 2;
				VALIDATE_PRODUCT = YES;
			};
			name = Release;
		};
		842387231987762500074A56 /* Debug */ = {
			isa = XCBuildConfiguration;
			baseConfigurationReference = 6ED98DDAE39B486780818884 /* Pods-HelloPOS.xcconfig */;
			buildSettings = {
				ASSETCATALOG_COMPILER_APPICON_NAME = AppIcon;
				ASSETCATALOG_COMPILER_LAUNCHIMAGE_NAME = LaunchImage;
				GCC_PRECOMPILE_PREFIX_HEADER = YES;
				GCC_PREFIX_HEADER = "HelloPOS/HelloPOS-Prefix.pch";
				INFOPLIST_FILE = "HelloPOS/HelloPOS-Info.plist";
				PRODUCT_NAME = "$(TARGET_NAME)";
				WRAPPER_EXTENSION = app;
			};
			name = Debug;
		};
		842387241987762500074A56 /* Release */ = {
			isa = XCBuildConfiguration;
			baseConfigurationReference = 6ED98DDAE39B486780818884 /* Pods-HelloPOS.xcconfig */;
			buildSettings = {
				ASSETCATALOG_COMPILER_APPICON_NAME = AppIcon;
				ASSETCATALOG_COMPILER_LAUNCHIMAGE_NAME = LaunchImage;
				GCC_PRECOMPILE_PREFIX_HEADER = YES;
				GCC_PREFIX_HEADER = "HelloPOS/HelloPOS-Prefix.pch";
				INFOPLIST_FILE = "HelloPOS/HelloPOS-Info.plist";
				PRODUCT_NAME = "$(TARGET_NAME)";
				WRAPPER_EXTENSION = app;
			};
			name = Release;
		};
		842387261987762500074A56 /* Debug */ = {
			isa = XCBuildConfiguration;
			buildSettings = {
				BUNDLE_LOADER = "$(BUILT_PRODUCTS_DIR)/HelloPOS.app/HelloPOS";
				FRAMEWORK_SEARCH_PATHS = (
					"$(SDKROOT)/Developer/Library/Frameworks",
					"$(inherited)",
					"$(DEVELOPER_FRAMEWORKS_DIR)",
				);
				GCC_PRECOMPILE_PREFIX_HEADER = YES;
				GCC_PREFIX_HEADER = "HelloPOS/HelloPOS-Prefix.pch";
				GCC_PREPROCESSOR_DEFINITIONS = (
					"DEBUG=1",
					"$(inherited)",
				);
				INFOPLIST_FILE = "HelloPOSTests/HelloPOSTests-Info.plist";
				PRODUCT_NAME = "$(TARGET_NAME)";
				TEST_HOST = "$(BUNDLE_LOADER)";
				WRAPPER_EXTENSION = xctest;
			};
			name = Debug;
		};
		842387271987762500074A56 /* Release */ = {
			isa = XCBuildConfiguration;
			buildSettings = {
				BUNDLE_LOADER = "$(BUILT_PRODUCTS_DIR)/HelloPOS.app/HelloPOS";
				FRAMEWORK_SEARCH_PATHS = (
					"$(SDKROOT)/Developer/Library/Frameworks",
					"$(inherited)",
					"$(DEVELOPER_FRAMEWORKS_DIR)",
				);
				GCC_PRECOMPILE_PREFIX_HEADER = YES;
				GCC_PREFIX_HEADER = "HelloPOS/HelloPOS-Prefix.pch";
				INFOPLIST_FILE = "HelloPOSTests/HelloPOSTests-Info.plist";
				PRODUCT_NAME = "$(TARGET_NAME)";
				TEST_HOST = "$(BUNDLE_LOADER)";
				WRAPPER_EXTENSION = xctest;
			};
			name = Release;
		};
/* End XCBuildConfiguration section */

/* Begin XCConfigurationList section */
		842386EB1987762500074A56 /* Build configuration list for PBXProject "HelloPOS" */ = {
			isa = XCConfigurationList;
			buildConfigurations = (
				842387201987762500074A56 /* Debug */,
				842387211987762500074A56 /* Release */,
			);
			defaultConfigurationIsVisible = 0;
			defaultConfigurationName = Release;
		};
		842387221987762500074A56 /* Build configuration list for PBXNativeTarget "HelloPOS" */ = {
			isa = XCConfigurationList;
			buildConfigurations = (
				842387231987762500074A56 /* Debug */,
				842387241987762500074A56 /* Release */,
			);
			defaultConfigurationIsVisible = 0;
			defaultConfigurationName = Release;
		};
		842387251987762500074A56 /* Build configuration list for PBXNativeTarget "HelloPOSTests" */ = {
			isa = XCConfigurationList;
			buildConfigurations = (
				842387261987762500074A56 /* Debug */,
				842387271987762500074A56 /* Release */,
			);
			defaultConfigurationIsVisible = 0;
			defaultConfigurationName = Release;
		};
/* End XCConfigurationList section */
	};
	rootObject = 842386E81987762500074A56 /* Project object */;
}
